{
  "requires": true,
  "lockfileVersion": 1,
  "dependencies": {
    "particles.js": {
      "version": "2.0.0",
      "resolved": "https://registry.npmjs.org/particles.js/-/particles.js-2.0.0.tgz",
      "integrity": "sha1-IThsQyjWx/lngKIB6W7t/AnHNvY="
    },
    "rainyday.js": {
      "version": "0.1.7",
      "resolved": "https://registry.npmjs.org/rainyday.js/-/rainyday.js-0.1.7.tgz",
      "integrity": "sha512-47SHKQSLYOe5N5P5KZ2pP4Gk5a7KYL69bnmIcs9cDdnhErm4Dv42lHYjLmdxemsr1lx76tSDMc190zYTJvAPHA=="
    }
  }
}
